
Microsoft Visual Studio Solution File, Format Version 12.00
# Visual Studio 15
VisualStudioVersion = 15.0.27130.2020
MinimumVisualStudioVersion = 10.0.40219.1
Project("{01C4A91F-805D-4D97-BE97-E96987579191}") = "NuciAPI.Middleware", "NuciAPI.Middleware\NuciAPI.Middleware.csproj", "{709EA3C3-1BED-4066-8126-92FF8DD644BB}"
EndProject
Project("{A88179F1-1749-4A6A-8159-0EA2A346B556}") = "NuciAPI.Middleware.UnitTests", "NuciAPI.Middleware.UnitTests\NuciAPI.Middleware.UnitTests.csproj", "{D86E6A53-B29E-411F-A15D-8F1C2C1E539E}"
EndProject
EndProject
Global
	GlobalSection(SolutionConfigurationPlatforms) = preSolution
		Debug|Any CPU = Debug|Any CPU
		Release|Any CPU = Release|Any CPU
	EndGlobalSection
	GlobalSection(ProjectConfigurationPlatforms) = postSolution
		{709EA3C3-1BED-4066-8126-92FF8DD644BB}.Debug|Any CPU.ActiveCfg = Debug|Any CPU
		{709EA3C3-1BED-4066-8126-92FF8DD644BB}.Debug|Any CPU.Build.0 = Debug|Any CPU
		{709EA3C3-1BED-4066-8126-92FF8DD644BB}.Release|Any CPU.ActiveCfg = Release|Any CPU
		{709EA3C3-1BED-4066-8126-92FF8DD644BB}.Release|Any CPU.Build.0 = Release|Any CPU
		{D86E6A53-B29E-411F-A15D-8F1C2C1E539E}.Debug|Any CPU.ActiveCfg = Debug|Any CPU
		{D86E6A53-B29E-411F-A15D-8F1C2C1E539E}.Debug|Any CPU.Build.0 = Debug|Any CPU
		{D86E6A53-B29E-411F-A15D-8F1C2C1E539E}.Debug|x64.ActiveCfg = Debug|Any CPU
		{D86E6A53-B29E-411F-A15D-8F1C2C1E539E}.Debug|x64.Build.0 = Debug|Any CPU
		{D86E6A53-B29E-411F-A15D-8F1C2C1E539E}.Debug|x86.ActiveCfg = Debug|Any CPU
		{D86E6A53-B29E-411F-A15D-8F1C2C1E539E}.Debug|x86.Build.0 = Debug|Any CPU
		{D86E6A53-B29E-411F-A15D-8F1C2C1E539E}.Release|Any CPU.ActiveCfg = Release|Any CPU
		{D86E6A53-B29E-411F-A15D-8F1C2C1E539E}.Release|Any CPU.Build.0 = Release|Any CPU
		{D86E6A53-B29E-411F-A15D-8F1C2C1E539E}.Release|x64.ActiveCfg = Release|Any CPU
		{D86E6A53-B29E-411F-A15D-8F1C2C1E539E}.Release|x64.Build.0 = Release|Any CPU
		{D86E6A53-B29E-411F-A15D-8F1C2C1E539E}.Release|x86.ActiveCfg = Release|Any CPU
		{D86E6A53-B29E-411F-A15D-8F1C2C1E539E}.Release|x86.Build.0 = Release|Any CPU
	EndGlobalSection
	GlobalSection(SolutionProperties) = preSolution
		HideSolutionNode = FALSE
	EndGlobalSection
EndGlobal
